
Microsoft Visual Studio Solution File, Format Version 12.00
# Visual Studio Version 17
VisualStudioVersion = 17.8.34322.80
MinimumVisualStudioVersion = 10.0.40219.1
Project("{FAE04EC0-301F-11D3-BF4B-00C04F79EFBC}") = "deneme99", "deneme99\deneme99.csproj", "{542F9F56-98C7-427D-B1D3-8E2E20F441EC}"
EndProject
Global
	GlobalSection(SolutionConfigurationPlatforms) = preSolution
		Debug|Any CPU = Debug|Any CPU
		Release|Any CPU = Release|Any CPU
	EndGlobalSection
	GlobalSection(ProjectConfigurationPlatforms) = postSolution
		{542F9F56-98C7-427D-B1D3-8E2E20F441EC}.Debug|Any CPU.ActiveCfg = Debug|Any CPU
		{542F9F56-98C7-427D-B1D3-8E2E20F441EC}.Debug|Any CPU.Build.0 = Debug|Any CPU
		{542F9F56-98C7-427D-B1D3-8E2E20F441EC}.Release|Any CPU.ActiveCfg = Release|Any CPU
		{542F9F56-98C7-427D-B1D3-8E2E20F441EC}.Release|Any CPU.Build.0 = Release|Any CPU
	EndGlobalSection
	GlobalSection(SolutionProperties) = preSolution
		HideSolutionNode = FALSE
	EndGlobalSection
	GlobalSection(ExtensibilityGlobals) = postSolution
		SolutionGuid = {8280F6A5-528A-4B23-8BC7-E0A526AA4753}
	EndGlobalSection
EndGlobal
